
Microsoft Visual Studio Solution File, Format Version 12.00
# Visual Studio Version 16
VisualStudioVersion = 16.0.29215.179
MinimumVisualStudioVersion = 10.0.40219.1
Project("{FAE04EC0-301F-11D3-BF4B-00C04F79EFBC}") = "PS1-4", "PS1-4.csproj", "{89888FBC-42C9-444E-B529-C07DE696650D}"
EndProject
Project("{FAE04EC0-301F-11D3-BF4B-00C04F79EFBC}") = "Q3", "..\Quizzes\Q3.csproj", "{19E9B347-7483-48C7-918E-2D8359F0BD08}"
EndProject
Project("{FAE04EC0-301F-11D3-BF4B-00C04F79EFBC}") = "Q3_6", "..\Q3_5\Q3_6.csproj", "{8B4A1677-99E6-4E21-AA92-42535078C684}"
EndProject
Project("{FAE04EC0-301F-11D3-BF4B-00C04F79EFBC}") = "PS5-6", "..\PS5-6\PS5-6.csproj", "{955719D5-B713-4BD2-9F7C-B77F3ABB8F8D}"
EndProject
Project("{FAE04EC0-301F-11D3-BF4B-00C04F79EFBC}") = "PlayGround", "..\PlayGround\PlayGround.csproj", "{F31DB5E4-6E50-4CD0-BAF5-6E8B4F114512}"
EndProject
Project("{FAE04EC0-301F-11D3-BF4B-00C04F79EFBC}") = "PS6", "..\PS6\PS6.csproj", "{D1B5F97D-2000-412F-96F8-79B9C427A45B}"
EndProject
Project("{FAE04EC0-301F-11D3-BF4B-00C04F79EFBC}") = "PS7-6", "..\PS7-6\PS7-6.csproj", "{78EDF1EF-C9B9-4407-8ACD-29DF4EE19715}"
EndProject
Project("{FAE04EC0-301F-11D3-BF4B-00C04F79EFBC}") = "PS8", "..\bank queue\PS8.csproj", "{1BCDAC47-1CBF-45B4-9D83-BDF9234D1C12}"
EndProject
Project("{FAE04EC0-301F-11D3-BF4B-00C04F79EFBC}") = "PS9", "..\PS9\PS9.csproj", "{3FAA7A14-5C48-4A4E-814C-A9DA71DE49A9}"
EndProject
Project("{FAE04EC0-301F-11D3-BF4B-00C04F79EFBC}") = "Gallery", "..\Gallery\Gallery.csproj", "{0D256DFC-44D8-4005-AC09-5247DE91EA4E}"
EndProject
Project("{FAE04EC0-301F-11D3-BF4B-00C04F79EFBC}") = "PS11", "..\PS11\PS11.csproj", "{AA9A8108-A718-4BFC-9526-02CC3BFC4208}"
EndProject
Project("{FAE04EC0-301F-11D3-BF4B-00C04F79EFBC}") = "PS12", "..\PS12\PS12.csproj", "{494DFAEE-01A3-4699-8741-E5ACEB73162F}"
EndProject
Global
	GlobalSection(SolutionConfigurationPlatforms) = preSolution
		Debug|Any CPU = Debug|Any CPU
		Release|Any CPU = Release|Any CPU
	EndGlobalSection
	GlobalSection(ProjectConfigurationPlatforms) = postSolution
		{89888FBC-42C9-444E-B529-C07DE696650D}.Debug|Any CPU.ActiveCfg = Debug|Any CPU
		{89888FBC-42C9-444E-B529-C07DE696650D}.Debug|Any CPU.Build.0 = Debug|Any CPU
		{89888FBC-42C9-444E-B529-C07DE696650D}.Release|Any CPU.ActiveCfg = Release|Any CPU
		{89888FBC-42C9-444E-B529-C07DE696650D}.Release|Any CPU.Build.0 = Release|Any CPU
		{19E9B347-7483-48C7-918E-2D8359F0BD08}.Debug|Any CPU.ActiveCfg = Debug|Any CPU
		{19E9B347-7483-48C7-918E-2D8359F0BD08}.Debug|Any CPU.Build.0 = Debug|Any CPU
		{19E9B347-7483-48C7-918E-2D8359F0BD08}.Release|Any CPU.ActiveCfg = Release|Any CPU
		{19E9B347-7483-48C7-918E-2D8359F0BD08}.Release|Any CPU.Build.0 = Release|Any CPU
		{8B4A1677-99E6-4E21-AA92-42535078C684}.Debug|Any CPU.ActiveCfg = Debug|Any CPU
		{8B4A1677-99E6-4E21-AA92-42535078C684}.Debug|Any CPU.Build.0 = Debug|Any CPU
		{8B4A1677-99E6-4E21-AA92-42535078C684}.Release|Any CPU.ActiveCfg = Release|Any CPU
		{8B4A1677-99E6-4E21-AA92-42535078C684}.Release|Any CPU.Build.0 = Release|Any CPU
		{955719D5-B713-4BD2-9F7C-B77F3ABB8F8D}.Debug|Any CPU.ActiveCfg = Debug|Any CPU
		{955719D5-B713-4BD2-9F7C-B77F3ABB8F8D}.Debug|Any CPU.Build.0 = Debug|Any CPU
		{955719D5-B713-4BD2-9F7C-B77F3ABB8F8D}.Release|Any CPU.ActiveCfg = Release|Any CPU
		{955719D5-B713-4BD2-9F7C-B77F3ABB8F8D}.Release|Any CPU.Build.0 = Release|Any CPU
		{F31DB5E4-6E50-4CD0-BAF5-6E8B4F114512}.Debug|Any CPU.ActiveCfg = Debug|Any CPU
		{F31DB5E4-6E50-4CD0-BAF5-6E8B4F114512}.Debug|Any CPU.Build.0 = Debug|Any CPU
		{F31DB5E4-6E50-4CD0-BAF5-6E8B4F114512}.Release|Any CPU.ActiveCfg = Release|Any CPU
		{F31DB5E4-6E50-4CD0-BAF5-6E8B4F114512}.Release|Any CPU.Build.0 = Release|Any CPU
		{D1B5F97D-2000-412F-96F8-79B9C427A45B}.Debug|Any CPU.ActiveCfg = Debug|Any CPU
		{D1B5F97D-2000-412F-96F8-79B9C427A45B}.Debug|Any CPU.Build.0 = Debug|Any CPU
		{D1B5F97D-2000-412F-96F8-79B9C427A45B}.Release|Any CPU.ActiveCfg = Release|Any CPU
		{D1B5F97D-2000-412F-96F8-79B9C427A45B}.Release|Any CPU.Build.0 = Release|Any CPU
		{78EDF1EF-C9B9-4407-8ACD-29DF4EE19715}.Debug|Any CPU.ActiveCfg = Debug|Any CPU
		{78EDF1EF-C9B9-4407-8ACD-29DF4EE19715}.Debug|Any CPU.Build.0 = Debug|Any CPU
		{78EDF1EF-C9B9-4407-8ACD-29DF4EE19715}.Release|Any CPU.ActiveCfg = Release|Any CPU
		{78EDF1EF-C9B9-4407-8ACD-29DF4EE19715}.Release|Any CPU.Build.0 = Release|Any CPU
		{1BCDAC47-1CBF-45B4-9D83-BDF9234D1C12}.Debug|Any CPU.ActiveCfg = Debug|Any CPU
		{1BCDAC47-1CBF-45B4-9D83-BDF9234D1C12}.Debug|Any CPU.Build.0 = Debug|Any CPU
		{1BCDAC47-1CBF-45B4-9D83-BDF9234D1C12}.Release|Any CPU.ActiveCfg = Release|Any CPU
		{1BCDAC47-1CBF-45B4-9D83-BDF9234D1C12}.Release|Any CPU.Build.0 = Release|Any CPU
		{3FAA7A14-5C48-4A4E-814C-A9DA71DE49A9}.Debug|Any CPU.ActiveCfg = Debug|Any CPU
		{3FAA7A14-5C48-4A4E-814C-A9DA71DE49A9}.Debug|Any CPU.Build.0 = Debug|Any CPU
		{3FAA7A14-5C48-4A4E-814C-A9DA71DE49A9}.Release|Any CPU.ActiveCfg = Release|Any CPU
		{3FAA7A14-5C48-4A4E-814C-A9DA71DE49A9}.Release|Any CPU.Build.0 = Release|Any CPU
		{0D256DFC-44D8-4005-AC09-5247DE91EA4E}.Debug|Any CPU.ActiveCfg = Debug|Any CPU
		{0D256DFC-44D8-4005-AC09-5247DE91EA4E}.Debug|Any CPU.Build.0 = Debug|Any CPU
		{0D256DFC-44D8-4005-AC09-5247DE91EA4E}.Release|Any CPU.ActiveCfg = Release|Any CPU
		{0D256DFC-44D8-4005-AC09-5247DE91EA4E}.Release|Any CPU.Build.0 = Release|Any CPU
		{AA9A8108-A718-4BFC-9526-02CC3BFC4208}.Debug|Any CPU.ActiveCfg = Debug|Any CPU
		{AA9A8108-A718-4BFC-9526-02CC3BFC4208}.Debug|Any CPU.Build.0 = Debug|Any CPU
		{AA9A8108-A718-4BFC-9526-02CC3BFC4208}.Release|Any CPU.ActiveCfg = Release|Any CPU
		{AA9A8108-A718-4BFC-9526-02CC3BFC4208}.Release|Any CPU.Build.0 = Release|Any CPU
		{494DFAEE-01A3-4699-8741-E5ACEB73162F}.Debug|Any CPU.ActiveCfg = Debug|Any CPU
		{494DFAEE-01A3-4699-8741-E5ACEB73162F}.Debug|Any CPU.Build.0 = Debug|Any CPU
		{494DFAEE-01A3-4699-8741-E5ACEB73162F}.Release|Any CPU.ActiveCfg = Release|Any CPU
		{494DFAEE-01A3-4699-8741-E5ACEB73162F}.Release|Any CPU.Build.0 = Release|Any CPU
	EndGlobalSection
	GlobalSection(SolutionProperties) = preSolution
		HideSolutionNode = FALSE
	EndGlobalSection
	GlobalSection(ExtensibilityGlobals) = postSolution
		SolutionGuid = {D1346AED-4675-4C0A-838F-95D6240920B8}
	EndGlobalSection
EndGlobal
